// !$*UTF8*$!
{
	archiveVersion = 1;
	classes = {
	};
	objectVersion = 56;
	objects = {

/* Begin PBXBuildFile section */
		C32334BDCD3D40A5C60AA2D5 /* Pods_AudioStreamerDemo.framework in Frameworks */ = {isa = PBXBuildFile; fileRef = 23A6F41BDFC9EE05D0335D8E /* Pods_AudioStreamerDemo.framework */; };
		F2CC036A2B99A94200668AAA /* AppDelegate.swift in Sources */ = {isa = PBXBuildFile; fileRef = F2CC03692B99A94200668AAA /* AppDelegate.swift */; };
		F2CC036C2B99A94200668AAA /* SceneDelegate.swift in Sources */ = {isa = PBXBuildFile; fileRef = F2CC036B2B99A94200668AAA /* SceneDelegate.swift */; };
		F2CC036E2B99A94200668AAA /* ViewController.swift in Sources */ = {isa = PBXBuildFile; fileRef = F2CC036D2B99A94200668AAA /* ViewController.swift */; };
		F2CC03712B99A94200668AAA /* Main.storyboard in Resources */ = {isa = PBXBuildFile; fileRef = F2CC036F2B99A94200668AAA /* Main.storyboard */; };
		F2CC03732B99A94300668AAA /* Assets.xcassets in Resources */ = {isa = PBXBuildFile; fileRef = F2CC03722B99A94300668AAA /* Assets.xcassets */; };
		F2CC03762B99A94300668AAA /* LaunchScreen.storyboard in Resources */ = {isa = PBXBuildFile; fileRef = F2CC03742B99A94300668AAA /* LaunchScreen.storyboard */; };
		F2CC037E2B99B04900668AAA /* TimePitchStreamer.swift in Sources */ = {isa = PBXBuildFile; fileRef = F2CC037D2B99B04900668AAA /* TimePitchStreamer.swift */; };
		F2CC03802B99B0BC00668AAA /* ViewController+Streamer.swift in Sources */ = {isa = PBXBuildFile; fileRef = F2CC037F2B99B0BC00668AAA /* ViewController+Streamer.swift */; };
/* End PBXBuildFile section */

/* Begin PBXFileReference section */
		008BD78B8E7414CC894BF587 /* Pods-AudioStreamerDemo.debug.xcconfig */ = {isa = PBXFileReference; includeInIndex = 1; lastKnownFileType = text.xcconfig; name = "Pods-AudioStreamerDemo.debug.xcconfig"; path = "Target Support Files/Pods-AudioStreamerDemo/Pods-AudioStreamerDemo.debug.xcconfig"; sourceTree = "<group>"; };
		23A6F41BDFC9EE05D0335D8E /* Pods_AudioStreamerDemo.framework */ = {isa = PBXFileReference; explicitFileType = wrapper.framework; includeInIndex = 0; path = Pods_AudioStreamerDemo.framework; sourceTree = BUILT_PRODUCTS_DIR; };
		F2CC03662B99A94200668AAA /* AudioStreamerDemo.app */ = {isa = PBXFileReference; explicitFileType = wrapper.application; includeInIndex = 0; path = AudioStreamerDemo.app; sourceTree = BUILT_PRODUCTS_DIR; };
		F2CC03692B99A94200668AAA /* AppDelegate.swift */ = {isa = PBXFileReference; lastKnownFileType = sourcecode.swift; path = AppDelegate.swift; sourceTree = "<group>"; };
		F2CC036B2B99A94200668AAA /* SceneDelegate.swift */ = {isa = PBXFileReference; lastKnownFileType = sourcecode.swift; path = SceneDelegate.swift; sourceTree = "<group>"; };
		F2CC036D2B99A94200668AAA /* ViewController.swift */ = {isa = PBXFileReference; lastKnownFileType = sourcecode.swift; path = ViewController.swift; sourceTree = "<group>"; };
		F2CC03702B99A94200668AAA /* Base */ = {isa = PBXFileReference; lastKnownFileType = file.storyboard; name = Base; path = Base.lproj/Main.storyboard; sourceTree = "<group>"; };
		F2CC03722B99A94300668AAA /* Assets.xcassets */ = {isa = PBXFileReference; lastKnownFileType = folder.assetcatalog; path = Assets.xcassets; sourceTree = "<group>"; };
		F2CC03752B99A94300668AAA /* Base */ = {isa = PBXFileReference; lastKnownFileType = file.storyboard; name = Base; path = Base.lproj/LaunchScreen.storyboard; sourceTree = "<group>"; };
		F2CC03772B99A94300668AAA /* Info.plist */ = {isa = PBXFileReference; lastKnownFileType = text.plist.xml; path = Info.plist; sourceTree = "<group>"; };
		F2CC037D2B99B04900668AAA /* TimePitchStreamer.swift */ = {isa = PBXFileReference; fileEncoding = 4; lastKnownFileType = sourcecode.swift; path = TimePitchStreamer.swift; sourceTree = "<group>"; };
		F2CC037F2B99B0BC00668AAA /* ViewController+Streamer.swift */ = {isa = PBXFileReference; lastKnownFileType = sourcecode.swift; path = "ViewController+Streamer.swift"; sourceTree = "<group>"; };
		FC58295FE945DA2988257E77 /* Pods-AudioStreamerDemo.release.xcconfig */ = {isa = PBXFileReference; includeInIndex = 1; lastKnownFileType = text.xcconfig; name = "Pods-AudioStreamerDemo.release.xcconfig"; path = "Target Support Files/Pods-AudioStreamerDemo/Pods-AudioStreamerDemo.release.xcconfig"; sourceTree = "<group>"; };
/* End PBXFileReference section */

/* Begin PBXFrameworksBuildPhase section */
		F2CC03632B99A94200668AAA /* Frameworks */ = {
			isa = PBXFrameworksBuildPhase;
			buildActionMask = 2147483647;
			files = (
				C32334BDCD3D40A5C60AA2D5 /* Pods_AudioStreamerDemo.framework in Frameworks */,
			);
			runOnlyForDeploymentPostprocessing = 0;
		};
/* End PBXFrameworksBuildPhase section */

/* Begin PBXGroup section */
		13CB99B8512706088853635E /* Pods */ = {
			isa = PBXGroup;
			children = (
				008BD78B8E7414CC894BF587 /* Pods-AudioStreamerDemo.debug.xcconfig */,
				FC58295FE945DA2988257E77 /* Pods-AudioStreamerDemo.release.xcconfig */,
			);
			path = Pods;
			sourceTree = "<group>";
		};
		158CEC87137DD42012922E24 /* Frameworks */ = {
			isa = PBXGroup;
			children = (
				23A6F41BDFC9EE05D0335D8E /* Pods_AudioStreamerDemo.framework */,
			);
			name = Frameworks;
			sourceTree = "<group>";
		};
		F2CC035D2B99A94200668AAA = {
			isa = PBXGroup;
			children = (
				F2CC03682B99A94200668AAA /* AudioStreamerDemo */,
				F2CC03672B99A94200668AAA /* Products */,
				13CB99B8512706088853635E /* Pods */,
				158CEC87137DD42012922E24 /* Frameworks */,
			);
			sourceTree = "<group>";
		};
		F2CC03672B99A94200668AAA /* Products */ = {
			isa = PBXGroup;
			children = (
				F2CC03662B99A94200668AAA /* AudioStreamerDemo.app */,
			);
			name = Products;
			sourceTree = "<group>";
		};
		F2CC03682B99A94200668AAA /* AudioStreamerDemo */ = {
			isa = PBXGroup;
			children = (
				F2CC037D2B99B04900668AAA /* TimePitchStreamer.swift */,
				F2CC03692B99A94200668AAA /* AppDelegate.swift */,
				F2CC036B2B99A94200668AAA /* SceneDelegate.swift */,
				F2CC036D2B99A94200668AAA /* ViewController.swift */,
				F2CC037F2B99B0BC00668AAA /* ViewController+Streamer.swift */,
				F2CC036F2B99A94200668AAA /* Main.storyboard */,
				F2CC03722B99A94300668AAA /* Assets.xcassets */,
				F2CC03742B99A94300668AAA /* LaunchScreen.storyboard */,
				F2CC03772B99A94300668AAA /* Info.plist */,
			);
			path = AudioStreamerDemo;
			sourceTree = "<group>";
		};
/* End PBXGroup section */

/* Begin PBXNativeTarget section */
		F2CC03652B99A94200668AAA /* AudioStreamerDemo */ = {
			isa = PBXNativeTarget;
			buildConfigurationList = F2CC037A2B99A94300668AAA /* Build configuration list for PBXNativeTarget "AudioStreamerDemo" */;
			buildPhases = (
				EC84A21725422FB175AAFF7B /* [CP] Check Pods Manifest.lock */,
				F2CC03622B99A94200668AAA /* Sources */,
				F2CC03632B99A94200668AAA /* Frameworks */,
				F2CC03642B99A94200668AAA /* Resources */,
				B4FDF4B9A0A8650395334928 /* [CP] Embed Pods Frameworks */,
			);
			buildRules = (
			);
			dependencies = (
			);
			name = AudioStreamerDemo;
			productName = AudioStreamerDemo;
			productReference = F2CC03662B99A94200668AAA /* AudioStreamerDemo.app */;
			productType = "com.apple.product-type.application";
		};
/* End PBXNativeTarget section */

/* Begin PBXProject section */
		F2CC035E2B99A94200668AAA /* Project object */ = {
			isa = PBXProject;
			attributes = {
				BuildIndependentTargetsInParallel = 1;
				LastSwiftUpdateCheck = 1510;
				LastUpgradeCheck = 1510;
				TargetAttributes = {
					F2CC03652B99A94200668AAA = {
						CreatedOnToolsVersion = 15.1;
					};
				};
			};
			buildConfigurationList = F2CC03612B99A94200668AAA /* Build configuration list for PBXProject "AudioStreamerDemo" */;
			compatibilityVersion = "Xcode 14.0";
			developmentRegion = en;
			hasScannedForEncodings = 0;
			knownRegions = (
				en,
				Base,
			);
			mainGroup = F2CC035D2B99A94200668AAA;
			productRefGroup = F2CC03672B99A94200668AAA /* Products */;
			projectDirPath = "";
			projectRoot = "";
			targets = (
				F2CC03652B99A94200668AAA /* AudioStreamerDemo */,
			);
		};
/* End PBXProject section */

/* Begin PBXResourcesBuildPhase section */
		F2CC03642B99A94200668AAA /* Resources */ = {
			isa = PBXResourcesBuildPhase;
			buildActionMask = 2147483647;
			files = (
				F2CC03762B99A94300668AAA /* LaunchScreen.storyboard in Resources */,
				F2CC03732B99A94300668AAA /* Assets.xcassets in Resources */,
				F2CC03712B99A94200668AAA /* Main.storyboard in Resources */,
			);
			runOnlyForDeploymentPostprocessing = 0;
		};
/* End PBXResourcesBuildPhase section */

/* Begin PBXShellScriptBuildPhase section */
		B4FDF4B9A0A8650395334928 /* [CP] Embed Pods Frameworks */ = {
			isa = PBXShellScriptBuildPhase;
			buildActionMask = 2147483647;
			files = (
			);
			inputFileListPaths = (
				"${PODS_ROOT}/Target Support Files/Pods-AudioStreamerDemo/Pods-AudioStreamerDemo-frameworks-${CONFIGURATION}-input-files.xcfilelist",
			);
			name = "[CP] Embed Pods Frameworks";
			outputFileListPaths = (
				"${PODS_ROOT}/Target Support Files/Pods-AudioStreamerDemo/Pods-AudioStreamerDemo-frameworks-${CONFIGURATION}-output-files.xcfilelist",
			);
			runOnlyForDeploymentPostprocessing = 0;
			shellPath = /bin/sh;
			shellScript = "\"${PODS_ROOT}/Target Support Files/Pods-AudioStreamerDemo/Pods-AudioStreamerDemo-frameworks.sh\"\n";
			showEnvVarsInLog = 0;
		};
		EC84A21725422FB175AAFF7B /* [CP] Check Pods Manifest.lock */ = {
			isa = PBXShellScriptBuildPhase;
			buildActionMask = 2147483647;
			files = (
			);
			inputFileListPaths = (
			);
			inputPaths = (
				"${PODS_PODFILE_DIR_PATH}/Podfile.lock",
				"${PODS_ROOT}/Manifest.lock",
			);
			name = "[CP] Check Pods Manifest.lock";
			outputFileListPaths = (
			);
			outputPaths = (
				"$(DERIVED_FILE_DIR)/Pods-AudioStreamerDemo-checkManifestLockResult.txt",
			);
			runOnlyForDeploymentPostprocessing = 0;
			shellPath = /bin/sh;
			shellScript = "diff \"${PODS_PODFILE_DIR_PATH}/Podfile.lock\" \"${PODS_ROOT}/Manifest.lock\" > /dev/null\nif [ $? != 0 ] ; then\n    # print error to STDERR\n    echo \"error: The sandbox is not in sync with the Podfile.lock. Run 'pod install' or update your CocoaPods installation.\" >&2\n    exit 1\nfi\n# This output is used by Xcode 'outputs' to avoid re-running this script phase.\necho \"SUCCESS\" > \"${SCRIPT_OUTPUT_FILE_0}\"\n";
			showEnvVarsInLog = 0;
		};
/* End PBXShellScriptBuildPhase section */

/* Begin PBXSourcesBuildPhase section */
		F2CC03622B99A94200668AAA /* Sources */ = {
			isa = PBXSourcesBuildPhase;
			buildActionMask = 2147483647;
			files = (
				F2CC037E2B99B04900668AAA /* TimePitchStreamer.swift in Sources */,
				F2CC036E2B99A94200668AAA /* ViewController.swift in Sources */,
				F2CC036A2B99A94200668AAA /* AppDelegate.swift in Sources */,
				F2CC03802B99B0BC00668AAA /* ViewController+Streamer.swift in Sources */,
				F2CC036C2B99A94200668AAA /* SceneDelegate.swift in Sources */,
			);
			runOnlyForDeploymentPostprocessing = 0;
		};
/* End PBXSourcesBuildPhase section */

/* Begin PBXVariantGroup section */
		F2CC036F2B99A94200668AAA /* Main.storyboard */ = {
			isa = PBXVariantGroup;
			children = (
				F2CC03702B99A94200668AAA /* Base */,
			);
			name = Main.storyboard;
			sourceTree = "<group>";
		};
		F2CC03742B99A94300668AAA /* LaunchScreen.storyboard */ = {
			isa = PBXVariantGroup;
			children = (
				F2CC03752B99A94300668AAA /* Base */,
			);
			name = LaunchScreen.storyboard;
			sourceTree = "<group>";
		};
/* End PBXVariantGroup section */

/* Begin XCBuildConfiguration section */
		F2CC03782B99A94300668AAA /* Debug */ = {
			isa = XCBuildConfiguration;
			buildSettings = {
				ALWAYS_SEARCH_USER_PATHS = NO;
				ASSETCATALOG_COMPILER_GENERATE_SWIFT_ASSET_SYMBOL_EXTENSIONS = YES;
				CLANG_ANALYZER_NONNULL = YES;
				CLANG_ANALYZER_NUMBER_OBJECT_CONVERSION = YES_AGGRESSIVE;
				CLANG_CXX_LANGUAGE_STANDARD = "gnu++20";
				CLANG_ENABLE_MODULES = YES;
				CLANG_ENABLE_OBJC_ARC = YES;
				CLANG_ENABLE_OBJC_WEAK = YES;
				CLANG_WARN_BLOCK_CAPTURE_AUTORELEASING = YES;
				CLANG_WARN_BOOL_CONVERSION = YES;
				CLANG_WARN_COMMA = YES;
				CLANG_WARN_CONSTANT_CONVERSION = YES;
				CLANG_WARN_DEPRECATED_OBJC_IMPLEMENTATIONS = YES;
				CLANG_WARN_DIRECT_OBJC_ISA_USAGE = YES_ERROR;
				CLANG_WARN_DOCUMENTATION_COMMENTS = YES;
				CLANG_WARN_EMPTY_BODY = YES;
				CLANG_WARN_ENUM_CONVERSION = YES;
				CLANG_WARN_INFINITE_RECURSION = YES;
				CLANG_WARN_INT_CONVERSION = YES;
				CLANG_WARN_NON_LITERAL_NULL_CONVERSION = YES;
				CLANG_WARN_OBJC_IMPLICIT_RETAIN_SELF = YES;
				CLANG_WARN_OBJC_LITERAL_CONVERSION = YES;
				CLANG_WARN_OBJC_ROOT_CLASS = YES_ERROR;
				CLANG_WARN_QUOTED_INCLUDE_IN_FRAMEWORK_HEADER = YES;
				CLANG_WARN_RANGE_LOOP_ANALYSIS = YES;
				CLANG_WARN_STRICT_PROTOTYPES = YES;
				CLANG_WARN_SUSPICIOUS_MOVE = YES;
				CLANG_WARN_UNGUARDED_AVAILABILITY = YES_AGGRESSIVE;
				CLANG_WARN_UNREACHABLE_CODE = YES;
				CLANG_WARN__DUPLICATE_METHOD_MATCH = YES;
				COPY_PHASE_STRIP = NO;
				DEBUG_INFORMATION_FORMAT = dwarf;
				ENABLE_STRICT_OBJC_MSGSEND = YES;
				ENABLE_TESTABILITY = YES;
				ENABLE_USER_SCRIPT_SANDBOXING = YES;
				GCC_C_LANGUAGE_STANDARD = gnu17;
				GCC_DYNAMIC_NO_PIC = NO;
				GCC_NO_COMMON_BLOCKS = YES;
				GCC_OPTIMIZATION_LEVEL = 0;
				GCC_PREPROCESSOR_DEFINITIONS = (
					"DEBUG=1",
					"$(inherited)",
				);
				GCC_WARN_64_TO_32_BIT_CONVERSION = YES;
				GCC_WARN_ABOUT_RETURN_TYPE = YES_ERROR;
				GCC_WARN_UNDECLARED_SELECTOR = YES;
				GCC_WARN_UNINITIALIZED_AUTOS = YES_AGGRESSIVE;
				GCC_WARN_UNUSED_FUNCTION = YES;
				GCC_WARN_UNUSED_VARIABLE = YES;
				IPHONEOS_DEPLOYMENT_TARGET = 17.2;
				LOCALIZATION_PREFERS_STRING_CATALOGS = YES;
				MTL_ENABLE_DEBUG_INFO = INCLUDE_SOURCE;
				MTL_FAST_MATH = YES;
				ONLY_ACTIVE_ARCH = YES;
				SDKROOT = iphoneos;
				SWIFT_ACTIVE_COMPILATION_CONDITIONS = "DEBUG $(inherited)";
				SWIFT_OPTIMIZATION_LEVEL = "-Onone";
			};
			name = Debug;
		};
		F2CC03792B99A94300668AAA /* Release */ = {
			isa = XCBuildConfiguration;
			buildSettings = {
				ALWAYS_SEARCH_USER_PATHS = NO;
				ASSETCATALOG_COMPILER_GENERATE_SWIFT_ASSET_SYMBOL_EXTENSIONS = YES;
				CLANG_ANALYZER_NONNULL = YES;
				CLANG_ANALYZER_NUMBER_OBJECT_CONVERSION = YES_AGGRESSIVE;
				CLANG_CXX_LANGUAGE_STANDARD = "gnu++20";
				CLANG_ENABLE_MODULES = YES;
				CLANG_ENABLE_OBJC_ARC = YES;
				CLANG_ENABLE_OBJC_WEAK = YES;
				CLANG_WARN_BLOCK_CAPTURE_AUTORELEASING = YES;
				CLANG_WARN_BOOL_CONVERSION = YES;
				CLANG_WARN_COMMA = YES;
				CLANG_WARN_CONSTANT_CONVERSION = YES;
				CLANG_WARN_DEPRECATED_OBJC_IMPLEMENTATIONS = YES;
				CLANG_WARN_DIRECT_OBJC_ISA_USAGE = YES_ERROR;
				CLANG_WARN_DOCUMENTATION_COMMENTS = YES;
				CLANG_WARN_EMPTY_BODY = YES;
				CLANG_WARN_ENUM_CONVERSION = YES;
				CLANG_WARN_INFINITE_RECURSION = YES;
				CLANG_WARN_INT_CONVERSION = YES;
				CLANG_WARN_NON_LITERAL_NULL_CONVERSION = YES;
				CLANG_WARN_OBJC_IMPLICIT_RETAIN_SELF = YES;
				CLANG_WARN_OBJC_LITERAL_CONVERSION = YES;
				CLANG_WARN_OBJC_ROOT_CLASS = YES_ERROR;
				CLANG_WARN_QUOTED_INCLUDE_IN_FRAMEWORK_HEADER = YES;
				CLANG_WARN_RANGE_LOOP_ANALYSIS = YES;
				CLANG_WARN_STRICT_PROTOTYPES = YES;
				CLANG_WARN_SUSPICIOUS_MOVE = YES;
				CLANG_WARN_UNGUARDED_AVAILABILITY = YES_AGGRESSIVE;
				CLANG_WARN_UNREACHABLE_CODE = YES;
				CLANG_WARN__DUPLICATE_METHOD_MATCH = YES;
				COPY_PHASE_STRIP = NO;
				DEBUG_INFORMATION_FORMAT = "dwarf-with-dsym";
				ENABLE_NS_ASSERTIONS = NO;
				ENABLE_STRICT_OBJC_MSGSEND = YES;
				ENABLE_USER_SCRIPT_SANDBOXING = YES;
				GCC_C_LANGUAGE_STANDARD = gnu17;
				GCC_NO_COMMON_BLOCKS = YES;
				GCC_WARN_64_TO_32_BIT_CONVERSION = YES;
				GCC_WARN_ABOUT_RETURN_TYPE = YES_ERROR;
				GCC_WARN_UNDECLARED_SELECTOR = YES;
				GCC_WARN_UNINITIALIZED_AUTOS = YES_AGGRESSIVE;
				GCC_WARN_UNUSED_FUNCTION = YES;
				GCC_WARN_UNUSED_VARIABLE = YES;
				IPHONEOS_DEPLOYMENT_TARGET = 17.2;
				LOCALIZATION_PREFERS_STRING_CATALOGS = YES;
				MTL_ENABLE_DEBUG_INFO = NO;
				MTL_FAST_MATH = YES;
				SDKROOT = iphoneos;
				SWIFT_COMPILATION_MODE = wholemodule;
				VALIDATE_PRODUCT = YES;
			};
			name = Release;
		};
		F2CC037B2B99A94300668AAA /* Debug */ = {
			isa = XCBuildConfiguration;
			baseConfigurationReference = 008BD78B8E7414CC894BF587 /* Pods-AudioStreamerDemo.debug.xcconfig */;
			buildSettings = {
				ASSETCATALOG_COMPILER_APPICON_NAME = AppIcon;
				ASSETCATALOG_COMPILER_GLOBAL_ACCENT_COLOR_NAME = AccentColor;
				CODE_SIGN_STYLE = Automatic;
				CURRENT_PROJECT_VERSION = 1;
				DEVELOPMENT_TEAM = 99F84FJW57;
				ENABLE_USER_SCRIPT_SANDBOXING = NO;
				GENERATE_INFOPLIST_FILE = YES;
				INFOPLIST_FILE = AudioStreamerDemo/Info.plist;
				INFOPLIST_KEY_NSMicrophoneUsageDescription = "需要您的麦克风来进行录音";
				INFOPLIST_KEY_UIApplicationSupportsIndirectInputEvents = YES;
				INFOPLIST_KEY_UILaunchStoryboardName = LaunchScreen;
				INFOPLIST_KEY_UIMainStoryboardFile = Main;
				INFOPLIST_KEY_UISupportedInterfaceOrientations_iPad = "UIInterfaceOrientationPortrait UIInterfaceOrientationPortraitUpsideDown UIInterfaceOrientationLandscapeLeft UIInterfaceOrientationLandscapeRight";
				INFOPLIST_KEY_UISupportedInterfaceOrientations_iPhone = "UIInterfaceOrientationPortrait UIInterfaceOrientationLandscapeLeft UIInterfaceOrientationLandscapeRight";
				IPHONEOS_DEPLOYMENT_TARGET = 15.0;
				LD_RUNPATH_SEARCH_PATHS = (
					"$(inherited)",
					"@executable_path/Frameworks",
				);
				MARKETING_VERSION = 1.0;
				PRODUCT_BUNDLE_IDENTIFIER = yolosolo.AudioStreamerDemo;
				PRODUCT_NAME = "$(TARGET_NAME)";
				SWIFT_EMIT_LOC_STRINGS = YES;
				SWIFT_VERSION = 5.0;
				TARGETED_DEVICE_FAMILY = "1,2";
			};
			name = Debug;
		};
		F2CC037C2B99A94300668AAA /* Release */ = {
			isa = XCBuildConfiguration;
			baseConfigurationReference = FC58295FE945DA2988257E77 /* Pods-AudioStreamerDemo.release.xcconfig */;
			buildSettings = {
				ASSETCATALOG_COMPILER_APPICON_NAME = AppIcon;
				ASSETCATALOG_COMPILER_GLOBAL_ACCENT_COLOR_NAME = AccentColor;
				CODE_SIGN_STYLE = Automatic;
				CURRENT_PROJECT_VERSION = 1;
				DEVELOPMENT_TEAM = 99F84FJW57;
				ENABLE_USER_SCRIPT_SANDBOXING = NO;
				GENERATE_INFOPLIST_FILE = YES;
				INFOPLIST_FILE = AudioStreamerDemo/Info.plist;
				INFOPLIST_KEY_NSMicrophoneUsageDescription = "需要您的麦克风来进行录音";
				INFOPLIST_KEY_UIApplicationSupportsIndirectInputEvents = YES;
				INFOPLIST_KEY_UILaunchStoryboardName = LaunchScreen;
				INFOPLIST_KEY_UIMainStoryboardFile = Main;
				INFOPLIST_KEY_UISupportedInterfaceOrientations_iPad = "UIInterfaceOrientationPortrait UIInterfaceOrientationPortraitUpsideDown UIInterfaceOrientationLandscapeLeft UIInterfaceOrientationLandscapeRight";
				INFOPLIST_KEY_UISupportedInterfaceOrientations_iPhone = "UIInterfaceOrientationPortrait UIInterfaceOrientationLandscapeLeft UIInterfaceOrientationLandscapeRight";
				IPHONEOS_DEPLOYMENT_TARGET = 15.0;
				LD_RUNPATH_SEARCH_PATHS = (
					"$(inherited)",
					"@executable_path/Frameworks",
				);
				MARKETING_VERSION = 1.0;
				PRODUCT_BUNDLE_IDENTIFIER = yolosolo.AudioStreamerDemo;
				PRODUCT_NAME = "$(TARGET_NAME)";
				SWIFT_EMIT_LOC_STRINGS = YES;
				SWIFT_VERSION = 5.0;
				TARGETED_DEVICE_FAMILY = "1,2";
			};
			name = Release;
		};
/* End XCBuildConfiguration section */

/* Begin XCConfigurationList section */
		F2CC03612B99A94200668AAA /* Build configuration list for PBXProject "AudioStreamerDemo" */ = {
			isa = XCConfigurationList;
			buildConfigurations = (
				F2CC03782B99A94300668AAA /* Debug */,
				F2CC03792B99A94300668AAA /* Release */,
			);
			defaultConfigurationIsVisible = 0;
			defaultConfigurationName = Release;
		};
		F2CC037A2B99A94300668AAA /* Build configuration list for PBXNativeTarget "AudioStreamerDemo" */ = {
			isa = XCConfigurationList;
			buildConfigurations = (
				F2CC037B2B99A94300668AAA /* Debug */,
				F2CC037C2B99A94300668AAA /* Release */,
			);
			defaultConfigurationIsVisible = 0;
			defaultConfigurationName = Release;
		};
/* End XCConfigurationList section */
	};
	rootObject = F2CC035E2B99A94200668AAA /* Project object */;
}
